
Microsoft Visual Studio Solution File, Format Version 12.00
# Visual Studio Version 17
VisualStudioVersion = 17.2.32630.192
MinimumVisualStudioVersion = 10.0.40219.1
Project("{9A19103F-16F7-4668-BE54-9A1E7A4F7556}") = "Holistic", "Holistic\Holistic.csproj", "{3A03663E-97E8-4301-9F68-EEDB96460E2C}"
EndProject
Project("{6EC3EE1D-3C4E-46DD-8F32-0CC8E7565705}") = "Holistic.Models", "Holistic.Models\Holistic.Models.fsproj", "{32B02C52-2B76-46B4-9E40-BBDE4C57D8C9}"
EndProject
Project("{F2A71F9B-5D33-465A-A702-920D77279786}") = "UnitTests", "UnitTests\UnitTests.fsproj", "{854692F8-DAE7-4E49-8859-FCFA4EBE0DAF}"
EndProject
Global
	GlobalSection(SolutionConfigurationPlatforms) = preSolution
		Debug|Any CPU = Debug|Any CPU
		Release|Any CPU = Release|Any CPU
	EndGlobalSection
	GlobalSection(ProjectConfigurationPlatforms) = postSolution
		{3A03663E-97E8-4301-9F68-EEDB96460E2C}.Debug|Any CPU.ActiveCfg = Debug|Any CPU
		{3A03663E-97E8-4301-9F68-EEDB96460E2C}.Debug|Any CPU.Build.0 = Debug|Any CPU
		{3A03663E-97E8-4301-9F68-EEDB96460E2C}.Release|Any CPU.ActiveCfg = Release|Any CPU
		{3A03663E-97E8-4301-9F68-EEDB96460E2C}.Release|Any CPU.Build.0 = Release|Any CPU
		{32B02C52-2B76-46B4-9E40-BBDE4C57D8C9}.Debug|Any CPU.ActiveCfg = Debug|Any CPU
		{32B02C52-2B76-46B4-9E40-BBDE4C57D8C9}.Debug|Any CPU.Build.0 = Debug|Any CPU
		{32B02C52-2B76-46B4-9E40-BBDE4C57D8C9}.Release|Any CPU.ActiveCfg = Release|Any CPU
		{32B02C52-2B76-46B4-9E40-BBDE4C57D8C9}.Release|Any CPU.Build.0 = Release|Any CPU
		{854692F8-DAE7-4E49-8859-FCFA4EBE0DAF}.Debug|Any CPU.ActiveCfg = Debug|Any CPU
		{854692F8-DAE7-4E49-8859-FCFA4EBE0DAF}.Debug|Any CPU.Build.0 = Debug|Any CPU
		{854692F8-DAE7-4E49-8859-FCFA4EBE0DAF}.Release|Any CPU.ActiveCfg = Release|Any CPU
		{854692F8-DAE7-4E49-8859-FCFA4EBE0DAF}.Release|Any CPU.Build.0 = Release|Any CPU
	EndGlobalSection
	GlobalSection(SolutionProperties) = preSolution
		HideSolutionNode = FALSE
	EndGlobalSection
	GlobalSection(ExtensibilityGlobals) = postSolution
		SolutionGuid = {BAC6A69F-D2DE-4C1F-8FAA-68981D29EDE3}
	EndGlobalSection
EndGlobal
